// !$*UTF8*$!
{
	archiveVersion = 1;
	classes = {
	};
	objectVersion = 45;
	objects = {

/* Begin PBXBuildFile section */
		0001EB6D11A38B2300FE942E /* JOTumblrUser.m in Sources */ = {isa = PBXBuildFile; fileRef = 0001EB6C11A38B2300FE942E /* JOTumblrUser.m */; };
		0001EB7011A38D9C00FE942E /* JOTumblrLog.m in Sources */ = {isa = PBXBuildFile; fileRef = 0001EB6F11A38D9C00FE942E /* JOTumblrLog.m */; };
		00D5D854119A8C35000F5A89 /* JOTumblrPost.m in Sources */ = {isa = PBXBuildFile; fileRef = 00D5D853119A8C35000F5A89 /* JOTumblrPost.m */; };
		3F35171111DB9E73007EB308 /* NSString+XMLEntities.m in Sources */ = {isa = PBXBuildFile; fileRef = 3F35171011DB9E73007EB308 /* NSString+XMLEntities.m */; };
		3F89A45C11DA68C500B7264A /* JOTumblrQuotePost.m in Sources */ = {isa = PBXBuildFile; fileRef = 3F89A45B11DA68C500B7264A /* JOTumblrQuotePost.m */; };
		3F89A4B311DA6B7800B7264A /* JOTumblrLinkPost.m in Sources */ = {isa = PBXBuildFile; fileRef = 3F89A4B211DA6B7800B7264A /* JOTumblrLinkPost.m */; };
		3F89A4BD11DA6BDF00B7264A /* JOTumblrConversationPost.m in Sources */ = {isa = PBXBuildFile; fileRef = 3F89A4BC11DA6BDF00B7264A /* JOTumblrConversationPost.m */; };
		3F89A4C011DA6C1E00B7264A /* JOTumblrVideoPost.m in Sources */ = {isa = PBXBuildFile; fileRef = 3F89A4BF11DA6C1E00B7264A /* JOTumblrVideoPost.m */; };
		3F89A4C611DA6C8F00B7264A /* JOTumblrAudioPost.m in Sources */ = {isa = PBXBuildFile; fileRef = 3F89A4C511DA6C8F00B7264A /* JOTumblrAudioPost.m */; };
		3FB6EE9E11DA60DA009C1174 /* JOTumblrRegularPost.m in Sources */ = {isa = PBXBuildFile; fileRef = 3FB6EE9D11DA60DA009C1174 /* JOTumblrRegularPost.m */; };
		3FB6EECC11DA6245009C1174 /* JOTumblrPhotoPost.m in Sources */ = {isa = PBXBuildFile; fileRef = 3FB6EECB11DA6245009C1174 /* JOTumblrPhotoPost.m */; };
		8DD76F9A0486AA7600D96B5E /* JOTumblr.m in Sources */ = {isa = PBXBuildFile; fileRef = 08FB7796FE84155DC02AAC07 /* JOTumblr.m */; settings = {ATTRIBUTES = (); }; };
		8DD76F9C0486AA7600D96B5E /* Foundation.framework in Frameworks */ = {isa = PBXBuildFile; fileRef = 08FB779EFE84155DC02AAC07 /* Foundation.framework */; };
		8DD76F9F0486AA7600D96B5E /* JOTumblr.1 in CopyFiles */ = {isa = PBXBuildFile; fileRef = C6859EA3029092ED04C91782 /* JOTumblr.1 */; };
/* End PBXBuildFile section */

/* Begin PBXCopyFilesBuildPhase section */
		8DD76F9E0486AA7600D96B5E /* CopyFiles */ = {
			isa = PBXCopyFilesBuildPhase;
			buildActionMask = 8;
			dstPath = /usr/share/man/man1/;
			dstSubfolderSpec = 0;
			files = (
				8DD76F9F0486AA7600D96B5E /* JOTumblr.1 in CopyFiles */,
			);
			runOnlyForDeploymentPostprocessing = 1;
		};
/* End PBXCopyFilesBuildPhase section */

/* Begin PBXFileReference section */
		0001EB6B11A38B2300FE942E /* JOTumblrUser.h */ = {isa = PBXFileReference; fileEncoding = 4; lastKnownFileType = sourcecode.c.h; path = JOTumblrUser.h; sourceTree = "<group>"; };
		0001EB6C11A38B2300FE942E /* JOTumblrUser.m */ = {isa = PBXFileReference; fileEncoding = 4; lastKnownFileType = sourcecode.c.objc; path = JOTumblrUser.m; sourceTree = "<group>"; };
		0001EB6E11A38D9C00FE942E /* JOTumblrLog.h */ = {isa = PBXFileReference; fileEncoding = 4; lastKnownFileType = sourcecode.c.h; path = JOTumblrLog.h; sourceTree = "<group>"; };
		0001EB6F11A38D9C00FE942E /* JOTumblrLog.m */ = {isa = PBXFileReference; fileEncoding = 4; lastKnownFileType = sourcecode.c.objc; path = JOTumblrLog.m; sourceTree = "<group>"; };
		00D5D852119A8C35000F5A89 /* JOTumblrPost.h */ = {isa = PBXFileReference; fileEncoding = 4; lastKnownFileType = sourcecode.c.h; path = JOTumblrPost.h; sourceTree = "<group>"; };
		00D5D853119A8C35000F5A89 /* JOTumblrPost.m */ = {isa = PBXFileReference; fileEncoding = 4; lastKnownFileType = sourcecode.c.objc; path = JOTumblrPost.m; sourceTree = "<group>"; };
		08FB7796FE84155DC02AAC07 /* JOTumblr.m */ = {isa = PBXFileReference; fileEncoding = 4; lastKnownFileType = sourcecode.c.objc; path = JOTumblr.m; sourceTree = "<group>"; };
		08FB779EFE84155DC02AAC07 /* Foundation.framework */ = {isa = PBXFileReference; lastKnownFileType = wrapper.framework; name = Foundation.framework; path = /System/Library/Frameworks/Foundation.framework; sourceTree = "<absolute>"; };
		32A70AAB03705E1F00C91783 /* JOTumblr_Prefix.pch */ = {isa = PBXFileReference; fileEncoding = 4; lastKnownFileType = sourcecode.c.h; path = JOTumblr_Prefix.pch; sourceTree = "<group>"; };
		3F35170F11DB9E73007EB308 /* NSString+XMLEntities.h */ = {isa = PBXFileReference; fileEncoding = 4; lastKnownFileType = sourcecode.c.h; name = "NSString+XMLEntities.h"; path = "MWFeedParser/Classes/NSString+XMLEntities.h"; sourceTree = SOURCE_ROOT; };
		3F35171011DB9E73007EB308 /* NSString+XMLEntities.m */ = {isa = PBXFileReference; fileEncoding = 4; lastKnownFileType = sourcecode.c.objc; name = "NSString+XMLEntities.m"; path = "MWFeedParser/Classes/NSString+XMLEntities.m"; sourceTree = SOURCE_ROOT; };
		3F89A45A11DA68C500B7264A /* JOTumblrQuotePost.h */ = {isa = PBXFileReference; fileEncoding = 4; lastKnownFileType = sourcecode.c.h; name = JOTumblrQuotePost.h; path = Classes/JOTumblrPost/JOTumblrQuotePost.h; sourceTree = SOURCE_ROOT; };
		3F89A45B11DA68C500B7264A /* JOTumblrQuotePost.m */ = {isa = PBXFileReference; fileEncoding = 4; lastKnownFileType = sourcecode.c.objc; name = JOTumblrQuotePost.m; path = Classes/JOTumblrPost/JOTumblrQuotePost.m; sourceTree = SOURCE_ROOT; };
		3F89A4B111DA6B7800B7264A /* JOTumblrLinkPost.h */ = {isa = PBXFileReference; fileEncoding = 4; lastKnownFileType = sourcecode.c.h; path = JOTumblrLinkPost.h; sourceTree = "<group>"; };
		3F89A4B211DA6B7800B7264A /* JOTumblrLinkPost.m */ = {isa = PBXFileReference; fileEncoding = 4; lastKnownFileType = sourcecode.c.objc; path = JOTumblrLinkPost.m; sourceTree = "<group>"; };
		3F89A4BB11DA6BDF00B7264A /* JOTumblrConversationPost.h */ = {isa = PBXFileReference; fileEncoding = 4; lastKnownFileType = sourcecode.c.h; path = JOTumblrConversationPost.h; sourceTree = "<group>"; };
		3F89A4BC11DA6BDF00B7264A /* JOTumblrConversationPost.m */ = {isa = PBXFileReference; fileEncoding = 4; lastKnownFileType = sourcecode.c.objc; path = JOTumblrConversationPost.m; sourceTree = "<group>"; };
		3F89A4BE11DA6C1E00B7264A /* JOTumblrVideoPost.h */ = {isa = PBXFileReference; fileEncoding = 4; lastKnownFileType = sourcecode.c.h; path = JOTumblrVideoPost.h; sourceTree = "<group>"; };
		3F89A4BF11DA6C1E00B7264A /* JOTumblrVideoPost.m */ = {isa = PBXFileReference; fileEncoding = 4; lastKnownFileType = sourcecode.c.objc; path = JOTumblrVideoPost.m; sourceTree = "<group>"; };
		3F89A4C411DA6C8F00B7264A /* JOTumblrAudioPost.h */ = {isa = PBXFileReference; fileEncoding = 4; lastKnownFileType = sourcecode.c.h; path = JOTumblrAudioPost.h; sourceTree = "<group>"; };
		3F89A4C511DA6C8F00B7264A /* JOTumblrAudioPost.m */ = {isa = PBXFileReference; fileEncoding = 4; lastKnownFileType = sourcecode.c.objc; path = JOTumblrAudioPost.m; sourceTree = "<group>"; };
		3FB6EE9C11DA60DA009C1174 /* JOTumblrRegularPost.h */ = {isa = PBXFileReference; fileEncoding = 4; lastKnownFileType = sourcecode.c.h; path = JOTumblrRegularPost.h; sourceTree = "<group>"; };
		3FB6EE9D11DA60DA009C1174 /* JOTumblrRegularPost.m */ = {isa = PBXFileReference; fileEncoding = 4; lastKnownFileType = sourcecode.c.objc; path = JOTumblrRegularPost.m; sourceTree = "<group>"; };
		3FB6EECA11DA6245009C1174 /* JOTumblrPhotoPost.h */ = {isa = PBXFileReference; fileEncoding = 4; lastKnownFileType = sourcecode.c.h; path = JOTumblrPhotoPost.h; sourceTree = "<group>"; };
		3FB6EECB11DA6245009C1174 /* JOTumblrPhotoPost.m */ = {isa = PBXFileReference; fileEncoding = 4; lastKnownFileType = sourcecode.c.objc; path = JOTumblrPhotoPost.m; sourceTree = "<group>"; };
		8DD76FA10486AA7600D96B5E /* JOTumblr */ = {isa = PBXFileReference; explicitFileType = "compiled.mach-o.executable"; includeInIndex = 0; path = JOTumblr; sourceTree = BUILT_PRODUCTS_DIR; };
		C6859EA3029092ED04C91782 /* JOTumblr.1 */ = {isa = PBXFileReference; lastKnownFileType = text.man; path = JOTumblr.1; sourceTree = "<group>"; };
/* End PBXFileReference section */

/* Begin PBXFrameworksBuildPhase section */
		8DD76F9B0486AA7600D96B5E /* Frameworks */ = {
			isa = PBXFrameworksBuildPhase;
			buildActionMask = 2147483647;
			files = (
				8DD76F9C0486AA7600D96B5E /* Foundation.framework in Frameworks */,
			);
			runOnlyForDeploymentPostprocessing = 0;
		};
/* End PBXFrameworksBuildPhase section */

/* Begin PBXGroup section */
		00D5D855119A8C3A000F5A89 /* Classes */ = {
			isa = PBXGroup;
			children = (
				3FB6EE9611DA6015009C1174 /* JOTumblrPost */,
				00D5D852119A8C35000F5A89 /* JOTumblrPost.h */,
				00D5D853119A8C35000F5A89 /* JOTumblrPost.m */,
				0001EB6B11A38B2300FE942E /* JOTumblrUser.h */,
				0001EB6C11A38B2300FE942E /* JOTumblrUser.m */,
				0001EB6E11A38D9C00FE942E /* JOTumblrLog.h */,
				0001EB6F11A38D9C00FE942E /* JOTumblrLog.m */,
			);
			path = Classes;
			sourceTree = SOURCE_ROOT;
		};
		08FB7794FE84155DC02AAC07 /* JOTumblr */ = {
			isa = PBXGroup;
			children = (
				3F35170711DB9E0B007EB308 /* External */,
				00D5D855119A8C3A000F5A89 /* Classes */,
				08FB7795FE84155DC02AAC07 /* Source */,
				C6859EA2029092E104C91782 /* Documentation */,
				08FB779DFE84155DC02AAC07 /* External Frameworks and Libraries */,
				1AB674ADFE9D54B511CA2CBB /* Products */,
			);
			name = JOTumblr;
			sourceTree = "<group>";
		};
		08FB7795FE84155DC02AAC07 /* Source */ = {
			isa = PBXGroup;
			children = (
				32A70AAB03705E1F00C91783 /* JOTumblr_Prefix.pch */,
				08FB7796FE84155DC02AAC07 /* JOTumblr.m */,
			);
			name = Source;
			sourceTree = "<group>";
		};
		08FB779DFE84155DC02AAC07 /* External Frameworks and Libraries */ = {
			isa = PBXGroup;
			children = (
				08FB779EFE84155DC02AAC07 /* Foundation.framework */,
			);
			name = "External Frameworks and Libraries";
			sourceTree = "<group>";
		};
		1AB674ADFE9D54B511CA2CBB /* Products */ = {
			isa = PBXGroup;
			children = (
				8DD76FA10486AA7600D96B5E /* JOTumblr */,
			);
			name = Products;
			sourceTree = "<group>";
		};
		3F35170711DB9E0B007EB308 /* External */ = {
			isa = PBXGroup;
			children = (
				3F35170F11DB9E73007EB308 /* NSString+XMLEntities.h */,
				3F35171011DB9E73007EB308 /* NSString+XMLEntities.m */,
			);
			name = External;
			sourceTree = "<group>";
		};
		3FB6EE9611DA6015009C1174 /* JOTumblrPost */ = {
			isa = PBXGroup;
			children = (
				3F89A45A11DA68C500B7264A /* JOTumblrQuotePost.h */,
				3F89A45B11DA68C500B7264A /* JOTumblrQuotePost.m */,
				3FB6EE9C11DA60DA009C1174 /* JOTumblrRegularPost.h */,
				3FB6EE9D11DA60DA009C1174 /* JOTumblrRegularPost.m */,
				3FB6EECA11DA6245009C1174 /* JOTumblrPhotoPost.h */,
				3FB6EECB11DA6245009C1174 /* JOTumblrPhotoPost.m */,
				3F89A4B111DA6B7800B7264A /* JOTumblrLinkPost.h */,
				3F89A4B211DA6B7800B7264A /* JOTumblrLinkPost.m */,
				3F89A4BB11DA6BDF00B7264A /* JOTumblrConversationPost.h */,
				3F89A4BC11DA6BDF00B7264A /* JOTumblrConversationPost.m */,
				3F89A4BE11DA6C1E00B7264A /* JOTumblrVideoPost.h */,
				3F89A4BF11DA6C1E00B7264A /* JOTumblrVideoPost.m */,
				3F89A4C411DA6C8F00B7264A /* JOTumblrAudioPost.h */,
				3F89A4C511DA6C8F00B7264A /* JOTumblrAudioPost.m */,
			);
			name = JOTumblrPost;
			path = Classes/JOTumblrPost;
			sourceTree = SOURCE_ROOT;
		};
		C6859EA2029092E104C91782 /* Documentation */ = {
			isa = PBXGroup;
			children = (
				C6859EA3029092ED04C91782 /* JOTumblr.1 */,
			);
			name = Documentation;
			sourceTree = "<group>";
		};
/* End PBXGroup section */

/* Begin PBXNativeTarget section */
		8DD76F960486AA7600D96B5E /* JOTumblr */ = {
			isa = PBXNativeTarget;
			buildConfigurationList = 1DEB927408733DD40010E9CD /* Build configuration list for PBXNativeTarget "JOTumblr" */;
			buildPhases = (
				8DD76F990486AA7600D96B5E /* Sources */,
				8DD76F9B0486AA7600D96B5E /* Frameworks */,
				8DD76F9E0486AA7600D96B5E /* CopyFiles */,
			);
			buildRules = (
			);
			dependencies = (
			);
			name = JOTumblr;
			productInstallPath = "$(HOME)/bin";
			productName = JOTumblr;
			productReference = 8DD76FA10486AA7600D96B5E /* JOTumblr */;
			productType = "com.apple.product-type.tool";
		};
/* End PBXNativeTarget section */

/* Begin PBXProject section */
		08FB7793FE84155DC02AAC07 /* Project object */ = {
			isa = PBXProject;
			buildConfigurationList = 1DEB927808733DD40010E9CD /* Build configuration list for PBXProject "JOTumblr" */;
			compatibilityVersion = "Xcode 3.1";
			hasScannedForEncodings = 1;
			mainGroup = 08FB7794FE84155DC02AAC07 /* JOTumblr */;
			projectDirPath = "";
			projectRoot = "";
			targets = (
				8DD76F960486AA7600D96B5E /* JOTumblr */,
			);
		};
/* End PBXProject section */

/* Begin PBXSourcesBuildPhase section */
		8DD76F990486AA7600D96B5E /* Sources */ = {
			isa = PBXSourcesBuildPhase;
			buildActionMask = 2147483647;
			files = (
				8DD76F9A0486AA7600D96B5E /* JOTumblr.m in Sources */,
				00D5D854119A8C35000F5A89 /* JOTumblrPost.m in Sources */,
				0001EB6D11A38B2300FE942E /* JOTumblrUser.m in Sources */,
				0001EB7011A38D9C00FE942E /* JOTumblrLog.m in Sources */,
				3FB6EE9E11DA60DA009C1174 /* JOTumblrRegularPost.m in Sources */,
				3FB6EECC11DA6245009C1174 /* JOTumblrPhotoPost.m in Sources */,
				3F89A45C11DA68C500B7264A /* JOTumblrQuotePost.m in Sources */,
				3F89A4B311DA6B7800B7264A /* JOTumblrLinkPost.m in Sources */,
				3F89A4BD11DA6BDF00B7264A /* JOTumblrConversationPost.m in Sources */,
				3F89A4C011DA6C1E00B7264A /* JOTumblrVideoPost.m in Sources */,
				3F89A4C611DA6C8F00B7264A /* JOTumblrAudioPost.m in Sources */,
				3F35171111DB9E73007EB308 /* NSString+XMLEntities.m in Sources */,
			);
			runOnlyForDeploymentPostprocessing = 0;
		};
/* End PBXSourcesBuildPhase section */

/* Begin XCBuildConfiguration section */
		1DEB927508733DD40010E9CD /* Debug */ = {
			isa = XCBuildConfiguration;
			buildSettings = {
				ALWAYS_SEARCH_USER_PATHS = NO;
				COPY_PHASE_STRIP = NO;
				GCC_DYNAMIC_NO_PIC = NO;
				GCC_ENABLE_FIX_AND_CONTINUE = YES;
				GCC_MODEL_TUNING = G5;
				GCC_OPTIMIZATION_LEVEL = 0;
				GCC_PRECOMPILE_PREFIX_HEADER = YES;
				GCC_PREFIX_HEADER = JOTumblr_Prefix.pch;
				INSTALL_PATH = /usr/local/bin;
				PRODUCT_NAME = JOTumblr;
			};
			name = Debug;
		};
		1DEB927608733DD40010E9CD /* Release */ = {
			isa = XCBuildConfiguration;
			buildSettings = {
				ALWAYS_SEARCH_USER_PATHS = NO;
				DEBUG_INFORMATION_FORMAT = "dwarf-with-dsym";
				GCC_MODEL_TUNING = G5;
				GCC_PRECOMPILE_PREFIX_HEADER = YES;
				GCC_PREFIX_HEADER = JOTumblr_Prefix.pch;
				INSTALL_PATH = /usr/local/bin;
				PRODUCT_NAME = JOTumblr;
			};
			name = Release;
		};
		1DEB927908733DD40010E9CD /* Debug */ = {
			isa = XCBuildConfiguration;
			buildSettings = {
				ARCHS = "$(ARCHS_STANDARD_32_64_BIT)";
				GCC_C_LANGUAGE_STANDARD = gnu99;
				GCC_OPTIMIZATION_LEVEL = 0;
				GCC_VERSION = com.apple.compilers.llvm.clang.1_0;
				GCC_WARN_ABOUT_RETURN_TYPE = YES;
				GCC_WARN_UNUSED_VARIABLE = YES;
				ONLY_ACTIVE_ARCH = YES;
				PREBINDING = NO;
				SDKROOT = macosx10.6;
			};
			name = Debug;
		};
		1DEB927A08733DD40010E9CD /* Release */ = {
			isa = XCBuildConfiguration;
			buildSettings = {
				ARCHS = "$(ARCHS_STANDARD_32_64_BIT)";
				GCC_C_LANGUAGE_STANDARD = gnu99;
				GCC_WARN_ABOUT_RETURN_TYPE = YES;
				GCC_WARN_UNUSED_VARIABLE = YES;
				PREBINDING = NO;
				SDKROOT = macosx10.6;
			};
			name = Release;
		};
/* End XCBuildConfiguration section */

/* Begin XCConfigurationList section */
		1DEB927408733DD40010E9CD /* Build configuration list for PBXNativeTarget "JOTumblr" */ = {
			isa = XCConfigurationList;
			buildConfigurations = (
				1DEB927508733DD40010E9CD /* Debug */,
				1DEB927608733DD40010E9CD /* Release */,
			);
			defaultConfigurationIsVisible = 0;
			defaultConfigurationName = Release;
		};
		1DEB927808733DD40010E9CD /* Build configuration list for PBXProject "JOTumblr" */ = {
			isa = XCConfigurationList;
			buildConfigurations = (
				1DEB927908733DD40010E9CD /* Debug */,
				1DEB927A08733DD40010E9CD /* Release */,
			);
			defaultConfigurationIsVisible = 0;
			defaultConfigurationName = Release;
		};
/* End XCConfigurationList section */
	};
	rootObject = 08FB7793FE84155DC02AAC07 /* Project object */;
}
